
Microsoft Visual Studio Solution File, Format Version 12.00
# Visual Studio Version 17
VisualStudioVersion = 17.12.35309.182
MinimumVisualStudioVersion = 10.0.40219.1
Project("{2150E333-8FDC-42A3-9474-1A3956D46DE8}") = "src", "src", "{8EC2B702-A2FF-41EA-8E05-E328EA992BA7}"
EndProject
Project("{FAE04EC0-301F-11D3-BF4B-00C04F79EFBC}") = "StorageMicroservice.API", "StorageMicroservice.API\StorageMicroservice.API.csproj", "{D8D94201-AE99-4251-ACF5-FCC4D82D6B44}"
EndProject
Project("{FAE04EC0-301F-11D3-BF4B-00C04F79EFBC}") = "StorageMicroservice.Application", "StorageMicroservice.Application\StorageMicroservice.Application.csproj", "{A1389902-EC20-40B0-8270-0C0339ADE17E}"
EndProject
Project("{FAE04EC0-301F-11D3-BF4B-00C04F79EFBC}") = "StorageMicroservice.Domain", "StorageMicroservice.Domain\StorageMicroservice.Domain.csproj", "{97E3D9DB-56C8-41C4-91E6-94D6410D5D95}"
EndProject
Project("{FAE04EC0-301F-11D3-BF4B-00C04F79EFBC}") = "StorageMicroservice.Infrastructure", "StorageMicroservice.Infrastructure\StorageMicroservice.Infrastructure.csproj", "{8D03DBB5-5A83-4D2D-8067-A371239366F8}"
EndProject
Project("{FAE04EC0-301F-11D3-BF4B-00C04F79EFBC}") = "StorageMicroservice.Tests", "StorageMicroservice.Tests\StorageMicroservice.Tests.csproj", "{CD1A0524-1CC1-4619-B7DD-F46CD250D421}"
EndProject
Global
	GlobalSection(SolutionConfigurationPlatforms) = preSolution
		Debug|Any CPU = Debug|Any CPU
		Release|Any CPU = Release|Any CPU
	EndGlobalSection
	GlobalSection(ProjectConfigurationPlatforms) = postSolution
		{D8D94201-AE99-4251-ACF5-FCC4D82D6B44}.Debug|Any CPU.ActiveCfg = Debug|Any CPU
		{D8D94201-AE99-4251-ACF5-FCC4D82D6B44}.Debug|Any CPU.Build.0 = Debug|Any CPU
		{D8D94201-AE99-4251-ACF5-FCC4D82D6B44}.Release|Any CPU.ActiveCfg = Release|Any CPU
		{D8D94201-AE99-4251-ACF5-FCC4D82D6B44}.Release|Any CPU.Build.0 = Release|Any CPU
		{A1389902-EC20-40B0-8270-0C0339ADE17E}.Debug|Any CPU.ActiveCfg = Debug|Any CPU
		{A1389902-EC20-40B0-8270-0C0339ADE17E}.Debug|Any CPU.Build.0 = Debug|Any CPU
		{A1389902-EC20-40B0-8270-0C0339ADE17E}.Release|Any CPU.ActiveCfg = Release|Any CPU
		{A1389902-EC20-40B0-8270-0C0339ADE17E}.Release|Any CPU.Build.0 = Release|Any CPU
		{97E3D9DB-56C8-41C4-91E6-94D6410D5D95}.Debug|Any CPU.ActiveCfg = Debug|Any CPU
		{97E3D9DB-56C8-41C4-91E6-94D6410D5D95}.Debug|Any CPU.Build.0 = Debug|Any CPU
		{97E3D9DB-56C8-41C4-91E6-94D6410D5D95}.Release|Any CPU.ActiveCfg = Release|Any CPU
		{97E3D9DB-56C8-41C4-91E6-94D6410D5D95}.Release|Any CPU.Build.0 = Release|Any CPU
		{8D03DBB5-5A83-4D2D-8067-A371239366F8}.Debug|Any CPU.ActiveCfg = Debug|Any CPU
		{8D03DBB5-5A83-4D2D-8067-A371239366F8}.Debug|Any CPU.Build.0 = Debug|Any CPU
		{8D03DBB5-5A83-4D2D-8067-A371239366F8}.Release|Any CPU.ActiveCfg = Release|Any CPU
		{8D03DBB5-5A83-4D2D-8067-A371239366F8}.Release|Any CPU.Build.0 = Release|Any CPU
		{CD1A0524-1CC1-4619-B7DD-F46CD250D421}.Debug|Any CPU.ActiveCfg = Debug|Any CPU
		{CD1A0524-1CC1-4619-B7DD-F46CD250D421}.Debug|Any CPU.Build.0 = Debug|Any CPU
		{CD1A0524-1CC1-4619-B7DD-F46CD250D421}.Release|Any CPU.ActiveCfg = Release|Any CPU
		{CD1A0524-1CC1-4619-B7DD-F46CD250D421}.Release|Any CPU.Build.0 = Release|Any CPU
	EndGlobalSection
	GlobalSection(SolutionProperties) = preSolution
		HideSolutionNode = FALSE
	EndGlobalSection
	GlobalSection(NestedProjects) = preSolution
		{D8D94201-AE99-4251-ACF5-FCC4D82D6B44} = {8EC2B702-A2FF-41EA-8E05-E328EA992BA7}
		{A1389902-EC20-40B0-8270-0C0339ADE17E} = {8EC2B702-A2FF-41EA-8E05-E328EA992BA7}
		{97E3D9DB-56C8-41C4-91E6-94D6410D5D95} = {8EC2B702-A2FF-41EA-8E05-E328EA992BA7}
		{8D03DBB5-5A83-4D2D-8067-A371239366F8} = {8EC2B702-A2FF-41EA-8E05-E328EA992BA7}
		{CD1A0524-1CC1-4619-B7DD-F46CD250D421} = {8EC2B702-A2FF-41EA-8E05-E328EA992BA7}
	EndGlobalSection
	GlobalSection(ExtensibilityGlobals) = postSolution
		SolutionGuid = {B01AEB9E-03C3-4608-8882-779FB055CB6F}
	EndGlobalSection
EndGlobal
